
Microsoft Visual Studio Solution File, Format Version 12.00
# Visual Studio Version 17
VisualStudioVersion = 17.8.34511.84
MinimumVisualStudioVersion = 10.0.40219.1
Project("{8BC9CEB8-8B4A-11D0-8D11-00A0C91BC942}") = "Tarea1FAO", "Tarea1FAO.vcxproj", "{B7C47E01-E8CD-4B16-89F9-A3E473D705CD}"
EndProject
Global
	GlobalSection(SolutionConfigurationPlatforms) = preSolution
		Debug|x64 = Debug|x64
		Debug|x86 = Debug|x86
		Release|x64 = Release|x64
		Release|x86 = Release|x86
	EndGlobalSection
	GlobalSection(ProjectConfigurationPlatforms) = postSolution
		{B7C47E01-E8CD-4B16-89F9-A3E473D705CD}.Debug|x64.ActiveCfg = Debug|x64
		{B7C47E01-E8CD-4B16-89F9-A3E473D705CD}.Debug|x64.Build.0 = Debug|x64
		{B7C47E01-E8CD-4B16-89F9-A3E473D705CD}.Debug|x86.ActiveCfg = Debug|Win32
		{B7C47E01-E8CD-4B16-89F9-A3E473D705CD}.Debug|x86.Build.0 = Debug|Win32
		{B7C47E01-E8CD-4B16-89F9-A3E473D705CD}.Release|x64.ActiveCfg = Release|x64
		{B7C47E01-E8CD-4B16-89F9-A3E473D705CD}.Release|x64.Build.0 = Release|x64
		{B7C47E01-E8CD-4B16-89F9-A3E473D705CD}.Release|x86.ActiveCfg = Release|Win32
		{B7C47E01-E8CD-4B16-89F9-A3E473D705CD}.Release|x86.Build.0 = Release|Win32
	EndGlobalSection
	GlobalSection(SolutionProperties) = preSolution
		HideSolutionNode = FALSE
	EndGlobalSection
	GlobalSection(ExtensibilityGlobals) = postSolution
		SolutionGuid = {8968C4A0-C784-44D4-891E-A5BFD7B790DF}
	EndGlobalSection
EndGlobal
